
Microsoft Visual Studio Solution File, Format Version 12.00
# Visual Studio Version 17
VisualStudioVersion = 17.1.32407.343
MinimumVisualStudioVersion = 10.0.40219.1
Project("{9A19103F-16F7-4668-BE54-9A1E7A4F7556}") = "Gadwal", "Gadwal\Gadwal.csproj", "{81D0FE77-E3CC-4A24-8E66-725834074BF8}"
EndProject
Global
	GlobalSection(SolutionConfigurationPlatforms) = preSolution
		Debug|Any CPU = Debug|Any CPU
		Release|Any CPU = Release|Any CPU
	EndGlobalSection
	GlobalSection(ProjectConfigurationPlatforms) = postSolution
		{81D0FE77-E3CC-4A24-8E66-725834074BF8}.Debug|Any CPU.ActiveCfg = Debug|Any CPU
		{81D0FE77-E3CC-4A24-8E66-725834074BF8}.Debug|Any CPU.Build.0 = Debug|Any CPU
		{81D0FE77-E3CC-4A24-8E66-725834074BF8}.Release|Any CPU.ActiveCfg = Release|Any CPU
		{81D0FE77-E3CC-4A24-8E66-725834074BF8}.Release|Any CPU.Build.0 = Release|Any CPU
	EndGlobalSection
	GlobalSection(SolutionProperties) = preSolution
		HideSolutionNode = FALSE
	EndGlobalSection
	GlobalSection(ExtensibilityGlobals) = postSolution
		SolutionGuid = {5E38F1E3-9603-4916-9C3C-839417BB6F9E}
	EndGlobalSection
EndGlobal
